// !$*UTF8*$!
{
	archiveVersion = 1;
	classes = {
	};
	objectVersion = 56;
	objects = {

/* Begin PBXBuildFile section */
		6F4B73E52C76A12D00A3EFAE /* CryptoCoinApp.swift in Sources */ = {isa = PBXBuildFile; fileRef = 6F4B73E42C76A12D00A3EFAE /* CryptoCoinApp.swift */; };
		6F4B73E72C76A12D00A3EFAE /* ContentView.swift in Sources */ = {isa = PBXBuildFile; fileRef = 6F4B73E62C76A12D00A3EFAE /* ContentView.swift */; };
		6F4B73E92C76A13100A3EFAE /* Assets.xcassets in Resources */ = {isa = PBXBuildFile; fileRef = 6F4B73E82C76A13100A3EFAE /* Assets.xcassets */; };
		6F4B73EC2C76A13100A3EFAE /* Preview Assets.xcassets in Resources */ = {isa = PBXBuildFile; fileRef = 6F4B73EB2C76A13100A3EFAE /* Preview Assets.xcassets */; };
		6F4B73F62C76B3D700A3EFAE /* DataService.swift in Sources */ = {isa = PBXBuildFile; fileRef = 6F4B73F52C76B3D700A3EFAE /* DataService.swift */; };
		6F4B73F82C76B43100A3EFAE /* CryptoModel.swift in Sources */ = {isa = PBXBuildFile; fileRef = 6F4B73F72C76B43100A3EFAE /* CryptoModel.swift */; };
		6F4B73FA2C76B73A00A3EFAE /* CryptoCoins.swift in Sources */ = {isa = PBXBuildFile; fileRef = 6F4B73F92C76B73A00A3EFAE /* CryptoCoins.swift */; };
		6F5556442C79405F0096651A /* DetailView.swift in Sources */ = {isa = PBXBuildFile; fileRef = 6F5556432C79405F0096651A /* DetailView.swift */; };
		6F5556462C794ABC0096651A /* ImageView.swift in Sources */ = {isa = PBXBuildFile; fileRef = 6F5556452C794ABC0096651A /* ImageView.swift */; };
/* End PBXBuildFile section */

/* Begin PBXFileReference section */
		6F4B73E12C76A12D00A3EFAE /* CryptoCoin.app */ = {isa = PBXFileReference; explicitFileType = wrapper.application; includeInIndex = 0; path = CryptoCoin.app; sourceTree = BUILT_PRODUCTS_DIR; };
		6F4B73E42C76A12D00A3EFAE /* CryptoCoinApp.swift */ = {isa = PBXFileReference; lastKnownFileType = sourcecode.swift; path = CryptoCoinApp.swift; sourceTree = "<group>"; };
		6F4B73E62C76A12D00A3EFAE /* ContentView.swift */ = {isa = PBXFileReference; lastKnownFileType = sourcecode.swift; path = ContentView.swift; sourceTree = "<group>"; };
		6F4B73E82C76A13100A3EFAE /* Assets.xcassets */ = {isa = PBXFileReference; lastKnownFileType = folder.assetcatalog; path = Assets.xcassets; sourceTree = "<group>"; };
		6F4B73EB2C76A13100A3EFAE /* Preview Assets.xcassets */ = {isa = PBXFileReference; lastKnownFileType = folder.assetcatalog; path = "Preview Assets.xcassets"; sourceTree = "<group>"; };
		6F4B73F22C76A1FE00A3EFAE /* Config.xcconfig */ = {isa = PBXFileReference; lastKnownFileType = text.xcconfig; path = Config.xcconfig; sourceTree = "<group>"; };
		6F4B73F32C76B32D00A3EFAE /* Info.plist */ = {isa = PBXFileReference; lastKnownFileType = text.plist; path = Info.plist; sourceTree = "<group>"; };
		6F4B73F52C76B3D700A3EFAE /* DataService.swift */ = {isa = PBXFileReference; lastKnownFileType = sourcecode.swift; path = DataService.swift; sourceTree = "<group>"; };
		6F4B73F72C76B43100A3EFAE /* CryptoModel.swift */ = {isa = PBXFileReference; lastKnownFileType = sourcecode.swift; path = CryptoModel.swift; sourceTree = "<group>"; };
		6F4B73F92C76B73A00A3EFAE /* CryptoCoins.swift */ = {isa = PBXFileReference; lastKnownFileType = sourcecode.swift; path = CryptoCoins.swift; sourceTree = "<group>"; };
		6F5556432C79405F0096651A /* DetailView.swift */ = {isa = PBXFileReference; lastKnownFileType = sourcecode.swift; path = DetailView.swift; sourceTree = "<group>"; };
		6F5556452C794ABC0096651A /* ImageView.swift */ = {isa = PBXFileReference; lastKnownFileType = sourcecode.swift; path = ImageView.swift; sourceTree = "<group>"; };
/* End PBXFileReference section */

/* Begin PBXFrameworksBuildPhase section */
		6F4B73DE2C76A12D00A3EFAE /* Frameworks */ = {
			isa = PBXFrameworksBuildPhase;
			buildActionMask = 2147483647;
			files = (
			);
			runOnlyForDeploymentPostprocessing = 0;
		};
/* End PBXFrameworksBuildPhase section */

/* Begin PBXGroup section */
		6F4B73D82C76A12D00A3EFAE = {
			isa = PBXGroup;
			children = (
				6F4B73E32C76A12D00A3EFAE /* CryptoCoin */,
				6F4B73E22C76A12D00A3EFAE /* Products */,
			);
			sourceTree = "<group>";
		};
		6F4B73E22C76A12D00A3EFAE /* Products */ = {
			isa = PBXGroup;
			children = (
				6F4B73E12C76A12D00A3EFAE /* CryptoCoin.app */,
			);
			name = Products;
			sourceTree = "<group>";
		};
		6F4B73E32C76A12D00A3EFAE /* CryptoCoin */ = {
			isa = PBXGroup;
			children = (
				6F4B73F32C76B32D00A3EFAE /* Info.plist */,
				6F4B73E42C76A12D00A3EFAE /* CryptoCoinApp.swift */,
				6F5556452C794ABC0096651A /* ImageView.swift */,
				6F4B73E62C76A12D00A3EFAE /* ContentView.swift */,
				6F5556432C79405F0096651A /* DetailView.swift */,
				6F4B73F42C76B3B900A3EFAE /* Model */,
				6F4B73E82C76A13100A3EFAE /* Assets.xcassets */,
				6F4B73EA2C76A13100A3EFAE /* Preview Content */,
				6F4B73F22C76A1FE00A3EFAE /* Config.xcconfig */,
			);
			path = CryptoCoin;
			sourceTree = "<group>";
		};
		6F4B73EA2C76A13100A3EFAE /* Preview Content */ = {
			isa = PBXGroup;
			children = (
				6F4B73EB2C76A13100A3EFAE /* Preview Assets.xcassets */,
			);
			path = "Preview Content";
			sourceTree = "<group>";
		};
		6F4B73F42C76B3B900A3EFAE /* Model */ = {
			isa = PBXGroup;
			children = (
				6F4B73F52C76B3D700A3EFAE /* DataService.swift */,
				6F4B73F72C76B43100A3EFAE /* CryptoModel.swift */,
				6F4B73F92C76B73A00A3EFAE /* CryptoCoins.swift */,
			);
			path = Model;
			sourceTree = "<group>";
		};
/* End PBXGroup section */

/* Begin PBXNativeTarget section */
		6F4B73E02C76A12D00A3EFAE /* CryptoCoin */ = {
			isa = PBXNativeTarget;
			buildConfigurationList = 6F4B73EF2C76A13100A3EFAE /* Build configuration list for PBXNativeTarget "CryptoCoin" */;
			buildPhases = (
				6F4B73DD2C76A12D00A3EFAE /* Sources */,
				6F4B73DE2C76A12D00A3EFAE /* Frameworks */,
				6F4B73DF2C76A12D00A3EFAE /* Resources */,
			);
			buildRules = (
			);
			dependencies = (
			);
			name = CryptoCoin;
			productName = CryptoCoin;
			productReference = 6F4B73E12C76A12D00A3EFAE /* CryptoCoin.app */;
			productType = "com.apple.product-type.application";
		};
/* End PBXNativeTarget section */

/* Begin PBXProject section */
		6F4B73D92C76A12D00A3EFAE /* Project object */ = {
			isa = PBXProject;
			attributes = {
				BuildIndependentTargetsInParallel = 1;
				LastSwiftUpdateCheck = 1520;
				LastUpgradeCheck = 1520;
				TargetAttributes = {
					6F4B73E02C76A12D00A3EFAE = {
						CreatedOnToolsVersion = 15.2;
					};
				};
			};
			buildConfigurationList = 6F4B73DC2C76A12D00A3EFAE /* Build configuration list for PBXProject "CryptoCoin" */;
			compatibilityVersion = "Xcode 14.0";
			developmentRegion = en;
			hasScannedForEncodings = 0;
			knownRegions = (
				en,
				Base,
			);
			mainGroup = 6F4B73D82C76A12D00A3EFAE;
			productRefGroup = 6F4B73E22C76A12D00A3EFAE /* Products */;
			projectDirPath = "";
			projectRoot = "";
			targets = (
				6F4B73E02C76A12D00A3EFAE /* CryptoCoin */,
			);
		};
/* End PBXProject section */

/* Begin PBXResourcesBuildPhase section */
		6F4B73DF2C76A12D00A3EFAE /* Resources */ = {
			isa = PBXResourcesBuildPhase;
			buildActionMask = 2147483647;
			files = (
				6F4B73EC2C76A13100A3EFAE /* Preview Assets.xcassets in Resources */,
				6F4B73E92C76A13100A3EFAE /* Assets.xcassets in Resources */,
			);
			runOnlyForDeploymentPostprocessing = 0;
		};
/* End PBXResourcesBuildPhase section */

/* Begin PBXSourcesBuildPhase section */
		6F4B73DD2C76A12D00A3EFAE /* Sources */ = {
			isa = PBXSourcesBuildPhase;
			buildActionMask = 2147483647;
			files = (
				6F4B73F62C76B3D700A3EFAE /* DataService.swift in Sources */,
				6F5556442C79405F0096651A /* DetailView.swift in Sources */,
				6F4B73FA2C76B73A00A3EFAE /* CryptoCoins.swift in Sources */,
				6F4B73E72C76A12D00A3EFAE /* ContentView.swift in Sources */,
				6F4B73F82C76B43100A3EFAE /* CryptoModel.swift in Sources */,
				6F5556462C794ABC0096651A /* ImageView.swift in Sources */,
				6F4B73E52C76A12D00A3EFAE /* CryptoCoinApp.swift in Sources */,
			);
			runOnlyForDeploymentPostprocessing = 0;
		};
/* End PBXSourcesBuildPhase section */

/* Begin XCBuildConfiguration section */
		6F4B73ED2C76A13100A3EFAE /* Debug */ = {
			isa = XCBuildConfiguration;
			baseConfigurationReference = 6F4B73F22C76A1FE00A3EFAE /* Config.xcconfig */;
			buildSettings = {
				ALWAYS_SEARCH_USER_PATHS = NO;
				ASSETCATALOG_COMPILER_GENERATE_SWIFT_ASSET_SYMBOL_EXTENSIONS = YES;
				CLANG_ANALYZER_NONNULL = YES;
				CLANG_ANALYZER_NUMBER_OBJECT_CONVERSION = YES_AGGRESSIVE;
				CLANG_CXX_LANGUAGE_STANDARD = "gnu++20";
				CLANG_ENABLE_MODULES = YES;
				CLANG_ENABLE_OBJC_ARC = YES;
				CLANG_ENABLE_OBJC_WEAK = YES;
				CLANG_WARN_BLOCK_CAPTURE_AUTORELEASING = YES;
				CLANG_WARN_BOOL_CONVERSION = YES;
				CLANG_WARN_COMMA = YES;
				CLANG_WARN_CONSTANT_CONVERSION = YES;
				CLANG_WARN_DEPRECATED_OBJC_IMPLEMENTATIONS = YES;
				CLANG_WARN_DIRECT_OBJC_ISA_USAGE = YES_ERROR;
				CLANG_WARN_DOCUMENTATION_COMMENTS = YES;
				CLANG_WARN_EMPTY_BODY = YES;
				CLANG_WARN_ENUM_CONVERSION = YES;
				CLANG_WARN_INFINITE_RECURSION = YES;
				CLANG_WARN_INT_CONVERSION = YES;
				CLANG_WARN_NON_LITERAL_NULL_CONVERSION = YES;
				CLANG_WARN_OBJC_IMPLICIT_RETAIN_SELF = YES;
				CLANG_WARN_OBJC_LITERAL_CONVERSION = YES;
				CLANG_WARN_OBJC_ROOT_CLASS = YES_ERROR;
				CLANG_WARN_QUOTED_INCLUDE_IN_FRAMEWORK_HEADER = YES;
				CLANG_WARN_RANGE_LOOP_ANALYSIS = YES;
				CLANG_WARN_STRICT_PROTOTYPES = YES;
				CLANG_WARN_SUSPICIOUS_MOVE = YES;
				CLANG_WARN_UNGUARDED_AVAILABILITY = YES_AGGRESSIVE;
				CLANG_WARN_UNREACHABLE_CODE = YES;
				CLANG_WARN__DUPLICATE_METHOD_MATCH = YES;
				COPY_PHASE_STRIP = NO;
				DEBUG_INFORMATION_FORMAT = dwarf;
				ENABLE_STRICT_OBJC_MSGSEND = YES;
				ENABLE_TESTABILITY = YES;
				ENABLE_USER_SCRIPT_SANDBOXING = YES;
				GCC_C_LANGUAGE_STANDARD = gnu17;
				GCC_DYNAMIC_NO_PIC = NO;
				GCC_NO_COMMON_BLOCKS = YES;
				GCC_OPTIMIZATION_LEVEL = 0;
				GCC_PREPROCESSOR_DEFINITIONS = (
					"DEBUG=1",
					"$(inherited)",
				);
				GCC_WARN_64_TO_32_BIT_CONVERSION = YES;
				GCC_WARN_ABOUT_RETURN_TYPE = YES_ERROR;
				GCC_WARN_UNDECLARED_SELECTOR = YES;
				GCC_WARN_UNINITIALIZED_AUTOS = YES_AGGRESSIVE;
				GCC_WARN_UNUSED_FUNCTION = YES;
				GCC_WARN_UNUSED_VARIABLE = YES;
				IPHONEOS_DEPLOYMENT_TARGET = 17.2;
				LOCALIZATION_PREFERS_STRING_CATALOGS = YES;
				MTL_ENABLE_DEBUG_INFO = INCLUDE_SOURCE;
				MTL_FAST_MATH = YES;
				ONLY_ACTIVE_ARCH = YES;
				SDKROOT = iphoneos;
				SWIFT_ACTIVE_COMPILATION_CONDITIONS = "DEBUG $(inherited)";
				SWIFT_OPTIMIZATION_LEVEL = "-Onone";
			};
			name = Debug;
		};
		6F4B73EE2C76A13100A3EFAE /* Release */ = {
			isa = XCBuildConfiguration;
			baseConfigurationReference = 6F4B73F22C76A1FE00A3EFAE /* Config.xcconfig */;
			buildSettings = {
				ALWAYS_SEARCH_USER_PATHS = NO;
				ASSETCATALOG_COMPILER_GENERATE_SWIFT_ASSET_SYMBOL_EXTENSIONS = YES;
				CLANG_ANALYZER_NONNULL = YES;
				CLANG_ANALYZER_NUMBER_OBJECT_CONVERSION = YES_AGGRESSIVE;
				CLANG_CXX_LANGUAGE_STANDARD = "gnu++20";
				CLANG_ENABLE_MODULES = YES;
				CLANG_ENABLE_OBJC_ARC = YES;
				CLANG_ENABLE_OBJC_WEAK = YES;
				CLANG_WARN_BLOCK_CAPTURE_AUTORELEASING = YES;
				CLANG_WARN_BOOL_CONVERSION = YES;
				CLANG_WARN_COMMA = YES;
				CLANG_WARN_CONSTANT_CONVERSION = YES;
				CLANG_WARN_DEPRECATED_OBJC_IMPLEMENTATIONS = YES;
				CLANG_WARN_DIRECT_OBJC_ISA_USAGE = YES_ERROR;
				CLANG_WARN_DOCUMENTATION_COMMENTS = YES;
				CLANG_WARN_EMPTY_BODY = YES;
				CLANG_WARN_ENUM_CONVERSION = YES;
				CLANG_WARN_INFINITE_RECURSION = YES;
				CLANG_WARN_INT_CONVERSION = YES;
				CLANG_WARN_NON_LITERAL_NULL_CONVERSION = YES;
				CLANG_WARN_OBJC_IMPLICIT_RETAIN_SELF = YES;
				CLANG_WARN_OBJC_LITERAL_CONVERSION = YES;
				CLANG_WARN_OBJC_ROOT_CLASS = YES_ERROR;
				CLANG_WARN_QUOTED_INCLUDE_IN_FRAMEWORK_HEADER = YES;
				CLANG_WARN_RANGE_LOOP_ANALYSIS = YES;
				CLANG_WARN_STRICT_PROTOTYPES = YES;
				CLANG_WARN_SUSPICIOUS_MOVE = YES;
				CLANG_WARN_UNGUARDED_AVAILABILITY = YES_AGGRESSIVE;
				CLANG_WARN_UNREACHABLE_CODE = YES;
				CLANG_WARN__DUPLICATE_METHOD_MATCH = YES;
				COPY_PHASE_STRIP = NO;
				DEBUG_INFORMATION_FORMAT = "dwarf-with-dsym";
				ENABLE_NS_ASSERTIONS = NO;
				ENABLE_STRICT_OBJC_MSGSEND = YES;
				ENABLE_USER_SCRIPT_SANDBOXING = YES;
				GCC_C_LANGUAGE_STANDARD = gnu17;
				GCC_NO_COMMON_BLOCKS = YES;
				GCC_WARN_64_TO_32_BIT_CONVERSION = YES;
				GCC_WARN_ABOUT_RETURN_TYPE = YES_ERROR;
				GCC_WARN_UNDECLARED_SELECTOR = YES;
				GCC_WARN_UNINITIALIZED_AUTOS = YES_AGGRESSIVE;
				GCC_WARN_UNUSED_FUNCTION = YES;
				GCC_WARN_UNUSED_VARIABLE = YES;
				IPHONEOS_DEPLOYMENT_TARGET = 17.2;
				LOCALIZATION_PREFERS_STRING_CATALOGS = YES;
				MTL_ENABLE_DEBUG_INFO = NO;
				MTL_FAST_MATH = YES;
				SDKROOT = iphoneos;
				SWIFT_COMPILATION_MODE = wholemodule;
				VALIDATE_PRODUCT = YES;
			};
			name = Release;
		};
		6F4B73F02C76A13100A3EFAE /* Debug */ = {
			isa = XCBuildConfiguration;
			buildSettings = {
				ASSETCATALOG_COMPILER_APPICON_NAME = AppIcon;
				ASSETCATALOG_COMPILER_GLOBAL_ACCENT_COLOR_NAME = AccentColor;
				CODE_SIGN_STYLE = Automatic;
				CURRENT_PROJECT_VERSION = 1;
				DEVELOPMENT_ASSET_PATHS = "\"CryptoCoin/Preview Content\"";
				DEVELOPMENT_TEAM = 352XRT73WP;
				ENABLE_PREVIEWS = YES;
				GENERATE_INFOPLIST_FILE = YES;
				INFOPLIST_FILE = CryptoCoin/Info.plist;
				INFOPLIST_KEY_UIApplicationSceneManifest_Generation = YES;
				INFOPLIST_KEY_UIApplicationSupportsIndirectInputEvents = YES;
				INFOPLIST_KEY_UILaunchScreen_Generation = YES;
				INFOPLIST_KEY_UISupportedInterfaceOrientations_iPad = "UIInterfaceOrientationPortrait UIInterfaceOrientationPortraitUpsideDown UIInterfaceOrientationLandscapeLeft UIInterfaceOrientationLandscapeRight";
				INFOPLIST_KEY_UISupportedInterfaceOrientations_iPhone = "UIInterfaceOrientationPortrait UIInterfaceOrientationLandscapeLeft UIInterfaceOrientationLandscapeRight";
				LD_RUNPATH_SEARCH_PATHS = (
					"$(inherited)",
					"@executable_path/Frameworks",
				);
				MARKETING_VERSION = 1.0;
				PRODUCT_BUNDLE_IDENTIFIER = com.lesleylopez.CryptoCoin;
				PRODUCT_NAME = "$(TARGET_NAME)";
				SWIFT_EMIT_LOC_STRINGS = YES;
				SWIFT_VERSION = 5.0;
				TARGETED_DEVICE_FAMILY = "1,2";
			};
			name = Debug;
		};
		6F4B73F12C76A13100A3EFAE /* Release */ = {
			isa = XCBuildConfiguration;
			buildSettings = {
				ASSETCATALOG_COMPILER_APPICON_NAME = AppIcon;
				ASSETCATALOG_COMPILER_GLOBAL_ACCENT_COLOR_NAME = AccentColor;
				CODE_SIGN_STYLE = Automatic;
				CURRENT_PROJECT_VERSION = 1;
				DEVELOPMENT_ASSET_PATHS = "\"CryptoCoin/Preview Content\"";
				DEVELOPMENT_TEAM = 352XRT73WP;
				ENABLE_PREVIEWS = YES;
				GENERATE_INFOPLIST_FILE = YES;
				INFOPLIST_FILE = CryptoCoin/Info.plist;
				INFOPLIST_KEY_UIApplicationSceneManifest_Generation = YES;
				INFOPLIST_KEY_UIApplicationSupportsIndirectInputEvents = YES;
				INFOPLIST_KEY_UILaunchScreen_Generation = YES;
				INFOPLIST_KEY_UISupportedInterfaceOrientations_iPad = "UIInterfaceOrientationPortrait UIInterfaceOrientationPortraitUpsideDown UIInterfaceOrientationLandscapeLeft UIInterfaceOrientationLandscapeRight";
				INFOPLIST_KEY_UISupportedInterfaceOrientations_iPhone = "UIInterfaceOrientationPortrait UIInterfaceOrientationLandscapeLeft UIInterfaceOrientationLandscapeRight";
				LD_RUNPATH_SEARCH_PATHS = (
					"$(inherited)",
					"@executable_path/Frameworks",
				);
				MARKETING_VERSION = 1.0;
				PRODUCT_BUNDLE_IDENTIFIER = com.lesleylopez.CryptoCoin;
				PRODUCT_NAME = "$(TARGET_NAME)";
				SWIFT_EMIT_LOC_STRINGS = YES;
				SWIFT_VERSION = 5.0;
				TARGETED_DEVICE_FAMILY = "1,2";
			};
			name = Release;
		};
/* End XCBuildConfiguration section */

/* Begin XCConfigurationList section */
		6F4B73DC2C76A12D00A3EFAE /* Build configuration list for PBXProject "CryptoCoin" */ = {
			isa = XCConfigurationList;
			buildConfigurations = (
				6F4B73ED2C76A13100A3EFAE /* Debug */,
				6F4B73EE2C76A13100A3EFAE /* Release */,
			);
			defaultConfigurationIsVisible = 0;
			defaultConfigurationName = Release;
		};
		6F4B73EF2C76A13100A3EFAE /* Build configuration list for PBXNativeTarget "CryptoCoin" */ = {
			isa = XCConfigurationList;
			buildConfigurations = (
				6F4B73F02C76A13100A3EFAE /* Debug */,
				6F4B73F12C76A13100A3EFAE /* Release */,
			);
			defaultConfigurationIsVisible = 0;
			defaultConfigurationName = Release;
		};
/* End XCConfigurationList section */
	};
	rootObject = 6F4B73D92C76A12D00A3EFAE /* Project object */;
}
